// !$*UTF8*$!
{
	archiveVersion = 1;
	classes = {
	};
	objectVersion = 56;
	objects = {

/* Begin PBXBuildFile section */
		B837AE29299CEA2700BBE325 /* ErrorMessage.swift in Sources */ = {isa = PBXBuildFile; fileRef = B837AE28299CEA2700BBE325 /* ErrorMessage.swift */; };
		B837AE2C299CF2F500BBE325 /* FollowerCell.swift in Sources */ = {isa = PBXBuildFile; fileRef = B837AE2B299CF2F500BBE325 /* FollowerCell.swift */; };
		B837AE2E299CF3B700BBE325 /* GFAvatarImageView.swift in Sources */ = {isa = PBXBuildFile; fileRef = B837AE2D299CF3B700BBE325 /* GFAvatarImageView.swift */; };
		B837AE30299D0E4000BBE325 /* UIHelper.swift in Sources */ = {isa = PBXBuildFile; fileRef = B837AE2F299D0E4000BBE325 /* UIHelper.swift */; };
		B847459229A7E8FA0042F1F7 /* GFTabbarController.swift in Sources */ = {isa = PBXBuildFile; fileRef = B847459129A7E8FA0042F1F7 /* GFTabbarController.swift */; };
		B86971172996526F00A0F94C /* AppDelegate.swift in Sources */ = {isa = PBXBuildFile; fileRef = B86971162996526F00A0F94C /* AppDelegate.swift */; };
		B86971192996526F00A0F94C /* SceneDelegate.swift in Sources */ = {isa = PBXBuildFile; fileRef = B86971182996526F00A0F94C /* SceneDelegate.swift */; };
		B86971202996527000A0F94C /* Assets.xcassets in Resources */ = {isa = PBXBuildFile; fileRef = B869711F2996527000A0F94C /* Assets.xcassets */; };
		B86971232996527000A0F94C /* LaunchScreen.storyboard in Resources */ = {isa = PBXBuildFile; fileRef = B86971212996527000A0F94C /* LaunchScreen.storyboard */; };
		B869712B29965CF300A0F94C /* SearchVC.swift in Sources */ = {isa = PBXBuildFile; fileRef = B869712A29965CF300A0F94C /* SearchVC.swift */; };
		B869712D29965D5700A0F94C /* FavoriteListVC.swift in Sources */ = {isa = PBXBuildFile; fileRef = B869712C29965D5700A0F94C /* FavoriteListVC.swift */; };
		B869712F299666EE00A0F94C /* GFButton.swift in Sources */ = {isa = PBXBuildFile; fileRef = B869712E299666EE00A0F94C /* GFButton.swift */; };
		B869713129966A9600A0F94C /* GFTextField.swift in Sources */ = {isa = PBXBuildFile; fileRef = B869713029966A9600A0F94C /* GFTextField.swift */; };
		B86971332996AC5200A0F94C /* FollowerListVC.swift in Sources */ = {isa = PBXBuildFile; fileRef = B86971322996AC5200A0F94C /* FollowerListVC.swift */; };
		B8AD574C29A21ED600FD41ED /* Date+Ext.swift in Sources */ = {isa = PBXBuildFile; fileRef = B8AD574B29A21ED600FD41ED /* Date+Ext.swift */; };
		B8AD574E29A21F3600FD41ED /* String+Ext.swift in Sources */ = {isa = PBXBuildFile; fileRef = B8AD574D29A21F3600FD41ED /* String+Ext.swift */; };
		B8B29B1C29A7667700938F43 /* FavoriteCell.swift in Sources */ = {isa = PBXBuildFile; fileRef = B8B29B1B29A7667700938F43 /* FavoriteCell.swift */; };
		B8C861842997DE3F008460C8 /* GFTitleLabel.swift in Sources */ = {isa = PBXBuildFile; fileRef = B8C861832997DE3F008460C8 /* GFTitleLabel.swift */; };
		B8C861862997E26F008460C8 /* GFBodyLabel.swift in Sources */ = {isa = PBXBuildFile; fileRef = B8C861852997E26F008460C8 /* GFBodyLabel.swift */; };
		B8C861882997E40E008460C8 /* GFAlertVC.swift in Sources */ = {isa = PBXBuildFile; fileRef = B8C861872997E40E008460C8 /* GFAlertVC.swift */; };
		B8C8618A2997F4EE008460C8 /* UIViewController+Ext.swift in Sources */ = {isa = PBXBuildFile; fileRef = B8C861892997F4EE008460C8 /* UIViewController+Ext.swift */; };
		B8C86191299811D7008460C8 /* Follower.swift in Sources */ = {isa = PBXBuildFile; fileRef = B8C86190299811D7008460C8 /* Follower.swift */; };
		B8C9BECE29A3779100CECC3C /* PersistanceManager.swift in Sources */ = {isa = PBXBuildFile; fileRef = B8C9BECD29A3779100CECC3C /* PersistanceManager.swift */; };
		B8D057E8299A4FD300708734 /* User.swift in Sources */ = {isa = PBXBuildFile; fileRef = B8D057E7299A4FD300708734 /* User.swift */; };
		B8D057EB299AAE9400708734 /* NetworkManager.swift in Sources */ = {isa = PBXBuildFile; fileRef = B8D057EA299AAE9400708734 /* NetworkManager.swift */; };
		B8D1B6E8299FB3A5000EACF4 /* GFEmptyStateView.swift in Sources */ = {isa = PBXBuildFile; fileRef = B8D1B6E7299FB3A5000EACF4 /* GFEmptyStateView.swift */; };
		B8E13F4A29A0DDB30006A5C2 /* UserInfoVC.swift in Sources */ = {isa = PBXBuildFile; fileRef = B8E13F4929A0DDB30006A5C2 /* UserInfoVC.swift */; };
		B8E13F5229A0FCFC0006A5C2 /* GFUserInfoHeaderVC.swift in Sources */ = {isa = PBXBuildFile; fileRef = B8E13F5129A0FCFC0006A5C2 /* GFUserInfoHeaderVC.swift */; };
		B8E13F5429A0FD870006A5C2 /* GFSecondaryTitleLabel.swift in Sources */ = {isa = PBXBuildFile; fileRef = B8E13F5329A0FD870006A5C2 /* GFSecondaryTitleLabel.swift */; };
		B8E13F5629A108700006A5C2 /* Constants.swift in Sources */ = {isa = PBXBuildFile; fileRef = B8E13F5529A108700006A5C2 /* Constants.swift */; };
		B8E13F5829A11B990006A5C2 /* GFItemInfoView.swift in Sources */ = {isa = PBXBuildFile; fileRef = B8E13F5729A11B990006A5C2 /* GFItemInfoView.swift */; };
		B8E13F5A29A140090006A5C2 /* GFItemInfoVCViewController.swift in Sources */ = {isa = PBXBuildFile; fileRef = B8E13F5929A140090006A5C2 /* GFItemInfoVCViewController.swift */; };
/* End PBXBuildFile section */

/* Begin PBXFileReference section */
		B837AE28299CEA2700BBE325 /* ErrorMessage.swift */ = {isa = PBXFileReference; lastKnownFileType = sourcecode.swift; path = ErrorMessage.swift; sourceTree = "<group>"; };
		B837AE2B299CF2F500BBE325 /* FollowerCell.swift */ = {isa = PBXFileReference; lastKnownFileType = sourcecode.swift; path = FollowerCell.swift; sourceTree = "<group>"; };
		B837AE2D299CF3B700BBE325 /* GFAvatarImageView.swift */ = {isa = PBXFileReference; lastKnownFileType = sourcecode.swift; path = GFAvatarImageView.swift; sourceTree = "<group>"; };
		B837AE2F299D0E4000BBE325 /* UIHelper.swift */ = {isa = PBXFileReference; lastKnownFileType = sourcecode.swift; path = UIHelper.swift; sourceTree = "<group>"; };
		B847459129A7E8FA0042F1F7 /* GFTabbarController.swift */ = {isa = PBXFileReference; lastKnownFileType = sourcecode.swift; path = GFTabbarController.swift; sourceTree = "<group>"; };
		B86971132996526F00A0F94C /* GHFollowers.app */ = {isa = PBXFileReference; explicitFileType = wrapper.application; includeInIndex = 0; path = GHFollowers.app; sourceTree = BUILT_PRODUCTS_DIR; };
		B86971162996526F00A0F94C /* AppDelegate.swift */ = {isa = PBXFileReference; lastKnownFileType = sourcecode.swift; path = AppDelegate.swift; sourceTree = "<group>"; };
		B86971182996526F00A0F94C /* SceneDelegate.swift */ = {isa = PBXFileReference; lastKnownFileType = sourcecode.swift; path = SceneDelegate.swift; sourceTree = "<group>"; };
		B869711F2996527000A0F94C /* Assets.xcassets */ = {isa = PBXFileReference; lastKnownFileType = folder.assetcatalog; path = Assets.xcassets; sourceTree = "<group>"; };
		B86971222996527000A0F94C /* Base */ = {isa = PBXFileReference; lastKnownFileType = file.storyboard; name = Base; path = Base.lproj/LaunchScreen.storyboard; sourceTree = "<group>"; };
		B86971242996527000A0F94C /* Info.plist */ = {isa = PBXFileReference; lastKnownFileType = text.plist; name = Info.plist; path = ../Info.plist; sourceTree = "<group>"; };
		B869712A29965CF300A0F94C /* SearchVC.swift */ = {isa = PBXFileReference; lastKnownFileType = sourcecode.swift; path = SearchVC.swift; sourceTree = "<group>"; };
		B869712C29965D5700A0F94C /* FavoriteListVC.swift */ = {isa = PBXFileReference; lastKnownFileType = sourcecode.swift; path = FavoriteListVC.swift; sourceTree = "<group>"; };
		B869712E299666EE00A0F94C /* GFButton.swift */ = {isa = PBXFileReference; lastKnownFileType = sourcecode.swift; path = GFButton.swift; sourceTree = "<group>"; };
		B869713029966A9600A0F94C /* GFTextField.swift */ = {isa = PBXFileReference; lastKnownFileType = sourcecode.swift; path = GFTextField.swift; sourceTree = "<group>"; };
		B86971322996AC5200A0F94C /* FollowerListVC.swift */ = {isa = PBXFileReference; lastKnownFileType = sourcecode.swift; path = FollowerListVC.swift; sourceTree = "<group>"; };
		B8AD574B29A21ED600FD41ED /* Date+Ext.swift */ = {isa = PBXFileReference; lastKnownFileType = sourcecode.swift; path = "Date+Ext.swift"; sourceTree = "<group>"; };
		B8AD574D29A21F3600FD41ED /* String+Ext.swift */ = {isa = PBXFileReference; lastKnownFileType = sourcecode.swift; path = "String+Ext.swift"; sourceTree = "<group>"; };
		B8B29B1B29A7667700938F43 /* FavoriteCell.swift */ = {isa = PBXFileReference; lastKnownFileType = sourcecode.swift; path = FavoriteCell.swift; sourceTree = "<group>"; };
		B8C861832997DE3F008460C8 /* GFTitleLabel.swift */ = {isa = PBXFileReference; lastKnownFileType = sourcecode.swift; path = GFTitleLabel.swift; sourceTree = "<group>"; };
		B8C861852997E26F008460C8 /* GFBodyLabel.swift */ = {isa = PBXFileReference; lastKnownFileType = sourcecode.swift; path = GFBodyLabel.swift; sourceTree = "<group>"; };
		B8C861872997E40E008460C8 /* GFAlertVC.swift */ = {isa = PBXFileReference; lastKnownFileType = sourcecode.swift; path = GFAlertVC.swift; sourceTree = "<group>"; };
		B8C861892997F4EE008460C8 /* UIViewController+Ext.swift */ = {isa = PBXFileReference; lastKnownFileType = sourcecode.swift; path = "UIViewController+Ext.swift"; sourceTree = "<group>"; };
		B8C86190299811D7008460C8 /* Follower.swift */ = {isa = PBXFileReference; lastKnownFileType = sourcecode.swift; path = Follower.swift; sourceTree = "<group>"; };
		B8C9BECD29A3779100CECC3C /* PersistanceManager.swift */ = {isa = PBXFileReference; lastKnownFileType = sourcecode.swift; path = PersistanceManager.swift; sourceTree = "<group>"; };
		B8D057E7299A4FD300708734 /* User.swift */ = {isa = PBXFileReference; lastKnownFileType = sourcecode.swift; path = User.swift; sourceTree = "<group>"; };
		B8D057EA299AAE9400708734 /* NetworkManager.swift */ = {isa = PBXFileReference; lastKnownFileType = sourcecode.swift; path = NetworkManager.swift; sourceTree = "<group>"; };
		B8D1B6E7299FB3A5000EACF4 /* GFEmptyStateView.swift */ = {isa = PBXFileReference; lastKnownFileType = sourcecode.swift; path = GFEmptyStateView.swift; sourceTree = "<group>"; };
		B8E13F4929A0DDB30006A5C2 /* UserInfoVC.swift */ = {isa = PBXFileReference; lastKnownFileType = sourcecode.swift; path = UserInfoVC.swift; sourceTree = "<group>"; };
		B8E13F5129A0FCFC0006A5C2 /* GFUserInfoHeaderVC.swift */ = {isa = PBXFileReference; lastKnownFileType = sourcecode.swift; path = GFUserInfoHeaderVC.swift; sourceTree = "<group>"; };
		B8E13F5329A0FD870006A5C2 /* GFSecondaryTitleLabel.swift */ = {isa = PBXFileReference; lastKnownFileType = sourcecode.swift; path = GFSecondaryTitleLabel.swift; sourceTree = "<group>"; };
		B8E13F5529A108700006A5C2 /* Constants.swift */ = {isa = PBXFileReference; lastKnownFileType = sourcecode.swift; path = Constants.swift; sourceTree = "<group>"; };
		B8E13F5729A11B990006A5C2 /* GFItemInfoView.swift */ = {isa = PBXFileReference; lastKnownFileType = sourcecode.swift; path = GFItemInfoView.swift; sourceTree = "<group>"; };
		B8E13F5929A140090006A5C2 /* GFItemInfoVCViewController.swift */ = {isa = PBXFileReference; lastKnownFileType = sourcecode.swift; path = GFItemInfoVCViewController.swift; sourceTree = "<group>"; };
/* End PBXFileReference section */

/* Begin PBXFrameworksBuildPhase section */
		B86971102996526F00A0F94C /* Frameworks */ = {
			isa = PBXFrameworksBuildPhase;
			buildActionMask = 2147483647;
			files = (
			);
			runOnlyForDeploymentPostprocessing = 0;
		};
/* End PBXFrameworksBuildPhase section */

/* Begin PBXGroup section */
		B837AE27299CE9FF00BBE325 /* Utilities */ = {
			isa = PBXGroup;
			children = (
				B837AE28299CEA2700BBE325 /* ErrorMessage.swift */,
				B837AE2F299D0E4000BBE325 /* UIHelper.swift */,
				B8E13F5529A108700006A5C2 /* Constants.swift */,
			);
			path = Utilities;
			sourceTree = "<group>";
		};
		B837AE2A299CF2BE00BBE325 /* Cells */ = {
			isa = PBXGroup;
			children = (
				B837AE2B299CF2F500BBE325 /* FollowerCell.swift */,
				B8B29B1B29A7667700938F43 /* FavoriteCell.swift */,
			);
			path = Cells;
			sourceTree = "<group>";
		};
		B847459029A7E8D00042F1F7 /* TabbarControllers */ = {
			isa = PBXGroup;
			children = (
				B847459129A7E8FA0042F1F7 /* GFTabbarController.swift */,
			);
			path = TabbarControllers;
			sourceTree = "<group>";
		};
		B869710A2996526F00A0F94C = {
			isa = PBXGroup;
			children = (
				B86971152996526F00A0F94C /* GHFollowers */,
				B86971142996526F00A0F94C /* Products */,
			);
			sourceTree = "<group>";
		};
		B86971142996526F00A0F94C /* Products */ = {
			isa = PBXGroup;
			children = (
				B86971132996526F00A0F94C /* GHFollowers.app */,
			);
			name = Products;
			sourceTree = "<group>";
		};
		B86971152996526F00A0F94C /* GHFollowers */ = {
			isa = PBXGroup;
			children = (
				B86971242996527000A0F94C /* Info.plist */,
				B837AE27299CE9FF00BBE325 /* Utilities */,
				B8D057E9299AAE0900708734 /* Managers */,
				B8C8618F299811C6008460C8 /* Models */,
				B8C8618E29980282008460C8 /* Support */,
				B8C8618D29980209008460C8 /* Extensions */,
				B8C8618C29980144008460C8 /* Custom Views */,
				B8C8618B299800BE008460C8 /* Screens */,
			);
			path = GHFollowers;
			sourceTree = "<group>";
		};
		B8C8618B299800BE008460C8 /* Screens */ = {
			isa = PBXGroup;
			children = (
				B869712A29965CF300A0F94C /* SearchVC.swift */,
				B869712C29965D5700A0F94C /* FavoriteListVC.swift */,
				B86971322996AC5200A0F94C /* FollowerListVC.swift */,
				B8E13F4929A0DDB30006A5C2 /* UserInfoVC.swift */,
			);
			path = Screens;
			sourceTree = "<group>";
		};
		B8C8618C29980144008460C8 /* Custom Views */ = {
			isa = PBXGroup;
			children = (
				B847459029A7E8D00042F1F7 /* TabbarControllers */,
				B8E13F5029A0FCB50006A5C2 /* ImageViews */,
				B8E13F4F29A0FCA70006A5C2 /* Views */,
				B8E13F4E29A0FC840006A5C2 /* Labels */,
				B8E13F4D29A0FC7A0006A5C2 /* Buttons */,
				B8E13F4C29A0FC640006A5C2 /* TextFields */,
				B8E13F4B29A0FC4F0006A5C2 /* ViewControllers */,
				B837AE2A299CF2BE00BBE325 /* Cells */,
			);
			path = "Custom Views";
			sourceTree = "<group>";
		};
		B8C8618D29980209008460C8 /* Extensions */ = {
			isa = PBXGroup;
			children = (
				B8C861892997F4EE008460C8 /* UIViewController+Ext.swift */,
				B8AD574B29A21ED600FD41ED /* Date+Ext.swift */,
				B8AD574D29A21F3600FD41ED /* String+Ext.swift */,
			);
			path = Extensions;
			sourceTree = "<group>";
		};
		B8C8618E29980282008460C8 /* Support */ = {
			isa = PBXGroup;
			children = (
				B86971162996526F00A0F94C /* AppDelegate.swift */,
				B86971182996526F00A0F94C /* SceneDelegate.swift */,
				B869711F2996527000A0F94C /* Assets.xcassets */,
				B86971212996527000A0F94C /* LaunchScreen.storyboard */,
			);
			path = Support;
			sourceTree = "<group>";
		};
		B8C8618F299811C6008460C8 /* Models */ = {
			isa = PBXGroup;
			children = (
				B8C86190299811D7008460C8 /* Follower.swift */,
				B8D057E7299A4FD300708734 /* User.swift */,
			);
			path = Models;
			sourceTree = "<group>";
		};
		B8D057E9299AAE0900708734 /* Managers */ = {
			isa = PBXGroup;
			children = (
				B8D057EA299AAE9400708734 /* NetworkManager.swift */,
				B8C9BECD29A3779100CECC3C /* PersistanceManager.swift */,
			);
			path = Managers;
			sourceTree = "<group>";
		};
		B8E13F4B29A0FC4F0006A5C2 /* ViewControllers */ = {
			isa = PBXGroup;
			children = (
				B8C861872997E40E008460C8 /* GFAlertVC.swift */,
				B8E13F5129A0FCFC0006A5C2 /* GFUserInfoHeaderVC.swift */,
				B8E13F5929A140090006A5C2 /* GFItemInfoVCViewController.swift */,
			);
			path = ViewControllers;
			sourceTree = "<group>";
		};
		B8E13F4C29A0FC640006A5C2 /* TextFields */ = {
			isa = PBXGroup;
			children = (
				B869713029966A9600A0F94C /* GFTextField.swift */,
			);
			path = TextFields;
			sourceTree = "<group>";
		};
		B8E13F4D29A0FC7A0006A5C2 /* Buttons */ = {
			isa = PBXGroup;
			children = (
				B869712E299666EE00A0F94C /* GFButton.swift */,
			);
			path = Buttons;
			sourceTree = "<group>";
		};
		B8E13F4E29A0FC840006A5C2 /* Labels */ = {
			isa = PBXGroup;
			children = (
				B8C861852997E26F008460C8 /* GFBodyLabel.swift */,
				B8C861832997DE3F008460C8 /* GFTitleLabel.swift */,
				B8E13F5329A0FD870006A5C2 /* GFSecondaryTitleLabel.swift */,
			);
			path = Labels;
			sourceTree = "<group>";
		};
		B8E13F4F29A0FCA70006A5C2 /* Views */ = {
			isa = PBXGroup;
			children = (
				B8D1B6E7299FB3A5000EACF4 /* GFEmptyStateView.swift */,
				B8E13F5729A11B990006A5C2 /* GFItemInfoView.swift */,
			);
			path = Views;
			sourceTree = "<group>";
		};
		B8E13F5029A0FCB50006A5C2 /* ImageViews */ = {
			isa = PBXGroup;
			children = (
				B837AE2D299CF3B700BBE325 /* GFAvatarImageView.swift */,
			);
			path = ImageViews;
			sourceTree = "<group>";
		};
/* End PBXGroup section */

/* Begin PBXNativeTarget section */
		B86971122996526F00A0F94C /* GHFollowers */ = {
			isa = PBXNativeTarget;
			buildConfigurationList = B86971272996527000A0F94C /* Build configuration list for PBXNativeTarget "GHFollowers" */;
			buildPhases = (
				B869710F2996526F00A0F94C /* Sources */,
				B86971102996526F00A0F94C /* Frameworks */,
				B86971112996526F00A0F94C /* Resources */,
			);
			buildRules = (
			);
			dependencies = (
			);
			name = GHFollowers;
			productName = GHFollowers;
			productReference = B86971132996526F00A0F94C /* GHFollowers.app */;
			productType = "com.apple.product-type.application";
		};
/* End PBXNativeTarget section */

/* Begin PBXProject section */
		B869710B2996526F00A0F94C /* Project object */ = {
			isa = PBXProject;
			attributes = {
				BuildIndependentTargetsInParallel = 1;
				LastSwiftUpdateCheck = 1420;
				LastUpgradeCheck = 1420;
				TargetAttributes = {
					B86971122996526F00A0F94C = {
						CreatedOnToolsVersion = 14.2;
					};
				};
			};
			buildConfigurationList = B869710E2996526F00A0F94C /* Build configuration list for PBXProject "GHFollowers" */;
			compatibilityVersion = "Xcode 14.0";
			developmentRegion = en;
			hasScannedForEncodings = 0;
			knownRegions = (
				en,
				Base,
			);
			mainGroup = B869710A2996526F00A0F94C;
			productRefGroup = B86971142996526F00A0F94C /* Products */;
			projectDirPath = "";
			projectRoot = "";
			targets = (
				B86971122996526F00A0F94C /* GHFollowers */,
			);
		};
/* End PBXProject section */

/* Begin PBXResourcesBuildPhase section */
		B86971112996526F00A0F94C /* Resources */ = {
			isa = PBXResourcesBuildPhase;
			buildActionMask = 2147483647;
			files = (
				B86971232996527000A0F94C /* LaunchScreen.storyboard in Resources */,
				B86971202996527000A0F94C /* Assets.xcassets in Resources */,
			);
			runOnlyForDeploymentPostprocessing = 0;
		};
/* End PBXResourcesBuildPhase section */

/* Begin PBXSourcesBuildPhase section */
		B869710F2996526F00A0F94C /* Sources */ = {
			isa = PBXSourcesBuildPhase;
			buildActionMask = 2147483647;
			files = (
				B8D057E8299A4FD300708734 /* User.swift in Sources */,
				B869713129966A9600A0F94C /* GFTextField.swift in Sources */,
				B869712D29965D5700A0F94C /* FavoriteListVC.swift in Sources */,
				B869712F299666EE00A0F94C /* GFButton.swift in Sources */,
				B8C8618A2997F4EE008460C8 /* UIViewController+Ext.swift in Sources */,
				B837AE30299D0E4000BBE325 /* UIHelper.swift in Sources */,
				B847459229A7E8FA0042F1F7 /* GFTabbarController.swift in Sources */,
				B8E13F5629A108700006A5C2 /* Constants.swift in Sources */,
				B837AE2E299CF3B700BBE325 /* GFAvatarImageView.swift in Sources */,
				B869712B29965CF300A0F94C /* SearchVC.swift in Sources */,
				B8AD574E29A21F3600FD41ED /* String+Ext.swift in Sources */,
				B8C861882997E40E008460C8 /* GFAlertVC.swift in Sources */,
				B8E13F5829A11B990006A5C2 /* GFItemInfoView.swift in Sources */,
				B837AE2C299CF2F500BBE325 /* FollowerCell.swift in Sources */,
				B8E13F5A29A140090006A5C2 /* GFItemInfoVCViewController.swift in Sources */,
				B837AE29299CEA2700BBE325 /* ErrorMessage.swift in Sources */,
				B8E13F5229A0FCFC0006A5C2 /* GFUserInfoHeaderVC.swift in Sources */,
				B8AD574C29A21ED600FD41ED /* Date+Ext.swift in Sources */,
				B8C861862997E26F008460C8 /* GFBodyLabel.swift in Sources */,
				B8C86191299811D7008460C8 /* Follower.swift in Sources */,
				B8C861842997DE3F008460C8 /* GFTitleLabel.swift in Sources */,
				B8E13F5429A0FD870006A5C2 /* GFSecondaryTitleLabel.swift in Sources */,
				B8D1B6E8299FB3A5000EACF4 /* GFEmptyStateView.swift in Sources */,
				B8B29B1C29A7667700938F43 /* FavoriteCell.swift in Sources */,
				B8D057EB299AAE9400708734 /* NetworkManager.swift in Sources */,
				B86971332996AC5200A0F94C /* FollowerListVC.swift in Sources */,
				B86971172996526F00A0F94C /* AppDelegate.swift in Sources */,
				B86971192996526F00A0F94C /* SceneDelegate.swift in Sources */,
				B8E13F4A29A0DDB30006A5C2 /* UserInfoVC.swift in Sources */,
				B8C9BECE29A3779100CECC3C /* PersistanceManager.swift in Sources */,
			);
			runOnlyForDeploymentPostprocessing = 0;
		};
/* End PBXSourcesBuildPhase section */

/* Begin PBXVariantGroup section */
		B86971212996527000A0F94C /* LaunchScreen.storyboard */ = {
			isa = PBXVariantGroup;
			children = (
				B86971222996527000A0F94C /* Base */,
			);
			name = LaunchScreen.storyboard;
			sourceTree = "<group>";
		};
/* End PBXVariantGroup section */

/* Begin XCBuildConfiguration section */
		B86971252996527000A0F94C /* Debug */ = {
			isa = XCBuildConfiguration;
			buildSettings = {
				ALWAYS_SEARCH_USER_PATHS = NO;
				CLANG_ANALYZER_NONNULL = YES;
				CLANG_ANALYZER_NUMBER_OBJECT_CONVERSION = YES_AGGRESSIVE;
				CLANG_CXX_LANGUAGE_STANDARD = "gnu++20";
				CLANG_ENABLE_MODULES = YES;
				CLANG_ENABLE_OBJC_ARC = YES;
				CLANG_ENABLE_OBJC_WEAK = YES;
				CLANG_WARN_BLOCK_CAPTURE_AUTORELEASING = YES;
				CLANG_WARN_BOOL_CONVERSION = YES;
				CLANG_WARN_COMMA = YES;
				CLANG_WARN_CONSTANT_CONVERSION = YES;
				CLANG_WARN_DEPRECATED_OBJC_IMPLEMENTATIONS = YES;
				CLANG_WARN_DIRECT_OBJC_ISA_USAGE = YES_ERROR;
				CLANG_WARN_DOCUMENTATION_COMMENTS = YES;
				CLANG_WARN_EMPTY_BODY = YES;
				CLANG_WARN_ENUM_CONVERSION = YES;
				CLANG_WARN_INFINITE_RECURSION = YES;
				CLANG_WARN_INT_CONVERSION = YES;
				CLANG_WARN_NON_LITERAL_NULL_CONVERSION = YES;
				CLANG_WARN_OBJC_IMPLICIT_RETAIN_SELF = YES;
				CLANG_WARN_OBJC_LITERAL_CONVERSION = YES;
				CLANG_WARN_OBJC_ROOT_CLASS = YES_ERROR;
				CLANG_WARN_QUOTED_INCLUDE_IN_FRAMEWORK_HEADER = YES;
				CLANG_WARN_RANGE_LOOP_ANALYSIS = YES;
				CLANG_WARN_STRICT_PROTOTYPES = YES;
				CLANG_WARN_SUSPICIOUS_MOVE = YES;
				CLANG_WARN_UNGUARDED_AVAILABILITY = YES_AGGRESSIVE;
				CLANG_WARN_UNREACHABLE_CODE = YES;
				CLANG_WARN__DUPLICATE_METHOD_MATCH = YES;
				COPY_PHASE_STRIP = NO;
				DEBUG_INFORMATION_FORMAT = dwarf;
				ENABLE_STRICT_OBJC_MSGSEND = YES;
				ENABLE_TESTABILITY = YES;
				GCC_C_LANGUAGE_STANDARD = gnu11;
				GCC_DYNAMIC_NO_PIC = NO;
				GCC_NO_COMMON_BLOCKS = YES;
				GCC_OPTIMIZATION_LEVEL = 0;
				GCC_PREPROCESSOR_DEFINITIONS = (
					"DEBUG=1",
					"$(inherited)",
				);
				GCC_WARN_64_TO_32_BIT_CONVERSION = YES;
				GCC_WARN_ABOUT_RETURN_TYPE = YES_ERROR;
				GCC_WARN_UNDECLARED_SELECTOR = YES;
				GCC_WARN_UNINITIALIZED_AUTOS = YES_AGGRESSIVE;
				GCC_WARN_UNUSED_FUNCTION = YES;
				GCC_WARN_UNUSED_VARIABLE = YES;
				IPHONEOS_DEPLOYMENT_TARGET = 16.2;
				MTL_ENABLE_DEBUG_INFO = INCLUDE_SOURCE;
				MTL_FAST_MATH = YES;
				ONLY_ACTIVE_ARCH = YES;
				SDKROOT = iphoneos;
				SWIFT_ACTIVE_COMPILATION_CONDITIONS = DEBUG;
				SWIFT_OPTIMIZATION_LEVEL = "-Onone";
			};
			name = Debug;
		};
		B86971262996527000A0F94C /* Release */ = {
			isa = XCBuildConfiguration;
			buildSettings = {
				ALWAYS_SEARCH_USER_PATHS = NO;
				CLANG_ANALYZER_NONNULL = YES;
				CLANG_ANALYZER_NUMBER_OBJECT_CONVERSION = YES_AGGRESSIVE;
				CLANG_CXX_LANGUAGE_STANDARD = "gnu++20";
				CLANG_ENABLE_MODULES = YES;
				CLANG_ENABLE_OBJC_ARC = YES;
				CLANG_ENABLE_OBJC_WEAK = YES;
				CLANG_WARN_BLOCK_CAPTURE_AUTORELEASING = YES;
				CLANG_WARN_BOOL_CONVERSION = YES;
				CLANG_WARN_COMMA = YES;
				CLANG_WARN_CONSTANT_CONVERSION = YES;
				CLANG_WARN_DEPRECATED_OBJC_IMPLEMENTATIONS = YES;
				CLANG_WARN_DIRECT_OBJC_ISA_USAGE = YES_ERROR;
				CLANG_WARN_DOCUMENTATION_COMMENTS = YES;
				CLANG_WARN_EMPTY_BODY = YES;
				CLANG_WARN_ENUM_CONVERSION = YES;
				CLANG_WARN_INFINITE_RECURSION = YES;
				CLANG_WARN_INT_CONVERSION = YES;
				CLANG_WARN_NON_LITERAL_NULL_CONVERSION = YES;
				CLANG_WARN_OBJC_IMPLICIT_RETAIN_SELF = YES;
				CLANG_WARN_OBJC_LITERAL_CONVERSION = YES;
				CLANG_WARN_OBJC_ROOT_CLASS = YES_ERROR;
				CLANG_WARN_QUOTED_INCLUDE_IN_FRAMEWORK_HEADER = YES;
				CLANG_WARN_RANGE_LOOP_ANALYSIS = YES;
				CLANG_WARN_STRICT_PROTOTYPES = YES;
				CLANG_WARN_SUSPICIOUS_MOVE = YES;
				CLANG_WARN_UNGUARDED_AVAILABILITY = YES_AGGRESSIVE;
				CLANG_WARN_UNREACHABLE_CODE = YES;
				CLANG_WARN__DUPLICATE_METHOD_MATCH = YES;
				COPY_PHASE_STRIP = NO;
				DEBUG_INFORMATION_FORMAT = "dwarf-with-dsym";
				ENABLE_NS_ASSERTIONS = NO;
				ENABLE_STRICT_OBJC_MSGSEND = YES;
				GCC_C_LANGUAGE_STANDARD = gnu11;
				GCC_NO_COMMON_BLOCKS = YES;
				GCC_WARN_64_TO_32_BIT_CONVERSION = YES;
				GCC_WARN_ABOUT_RETURN_TYPE = YES_ERROR;
				GCC_WARN_UNDECLARED_SELECTOR = YES;
				GCC_WARN_UNINITIALIZED_AUTOS = YES_AGGRESSIVE;
				GCC_WARN_UNUSED_FUNCTION = YES;
				GCC_WARN_UNUSED_VARIABLE = YES;
				IPHONEOS_DEPLOYMENT_TARGET = 16.2;
				MTL_ENABLE_DEBUG_INFO = NO;
				MTL_FAST_MATH = YES;
				SDKROOT = iphoneos;
				SWIFT_COMPILATION_MODE = wholemodule;
				SWIFT_OPTIMIZATION_LEVEL = "-O";
				VALIDATE_PRODUCT = YES;
			};
			name = Release;
		};
		B86971282996527000A0F94C /* Debug */ = {
			isa = XCBuildConfiguration;
			buildSettings = {
				ASSETCATALOG_COMPILER_APPICON_NAME = AppIcon;
				ASSETCATALOG_COMPILER_GLOBAL_ACCENT_COLOR_NAME = AccentColor;
				CODE_SIGN_STYLE = Automatic;
				CURRENT_PROJECT_VERSION = 1;
				GENERATE_INFOPLIST_FILE = YES;
				INFOPLIST_FILE = GHFollowers/Info.plist;
				INFOPLIST_KEY_UIApplicationSupportsIndirectInputEvents = YES;
				INFOPLIST_KEY_UILaunchStoryboardName = LaunchScreen;
				INFOPLIST_KEY_UIStatusBarStyle = "";
				INFOPLIST_KEY_UISupportedInterfaceOrientations = UIInterfaceOrientationPortrait;
				IPHONEOS_DEPLOYMENT_TARGET = 16.0;
				LD_RUNPATH_SEARCH_PATHS = (
					"$(inherited)",
					"@executable_path/Frameworks",
				);
				MARKETING_VERSION = 1.0;
				PRODUCT_BUNDLE_IDENTIFIER = com.eminlmkklm.GHFollowers;
				PRODUCT_NAME = "$(TARGET_NAME)";
				SWIFT_EMIT_LOC_STRINGS = YES;
				SWIFT_VERSION = 5.0;
				TARGETED_DEVICE_FAMILY = "1,2";
			};
			name = Debug;
		};
		B86971292996527000A0F94C /* Release */ = {
			isa = XCBuildConfiguration;
			buildSettings = {
				ASSETCATALOG_COMPILER_APPICON_NAME = AppIcon;
				ASSETCATALOG_COMPILER_GLOBAL_ACCENT_COLOR_NAME = AccentColor;
				CODE_SIGN_STYLE = Automatic;
				CURRENT_PROJECT_VERSION = 1;
				GENERATE_INFOPLIST_FILE = YES;
				INFOPLIST_FILE = GHFollowers/Info.plist;
				INFOPLIST_KEY_UIApplicationSupportsIndirectInputEvents = YES;
				INFOPLIST_KEY_UILaunchStoryboardName = LaunchScreen;
				INFOPLIST_KEY_UIStatusBarStyle = "";
				INFOPLIST_KEY_UISupportedInterfaceOrientations = UIInterfaceOrientationPortrait;
				IPHONEOS_DEPLOYMENT_TARGET = 16.0;
				LD_RUNPATH_SEARCH_PATHS = (
					"$(inherited)",
					"@executable_path/Frameworks",
				);
				MARKETING_VERSION = 1.0;
				PRODUCT_BUNDLE_IDENTIFIER = com.eminlmkklm.GHFollowers;
				PRODUCT_NAME = "$(TARGET_NAME)";
				SWIFT_EMIT_LOC_STRINGS = YES;
				SWIFT_VERSION = 5.0;
				TARGETED_DEVICE_FAMILY = "1,2";
			};
			name = Release;
		};
/* End XCBuildConfiguration section */

/* Begin XCConfigurationList section */
		B869710E2996526F00A0F94C /* Build configuration list for PBXProject "GHFollowers" */ = {
			isa = XCConfigurationList;
			buildConfigurations = (
				B86971252996527000A0F94C /* Debug */,
				B86971262996527000A0F94C /* Release */,
			);
			defaultConfigurationIsVisible = 0;
			defaultConfigurationName = Release;
		};
		B86971272996527000A0F94C /* Build configuration list for PBXNativeTarget "GHFollowers" */ = {
			isa = XCConfigurationList;
			buildConfigurations = (
				B86971282996527000A0F94C /* Debug */,
				B86971292996527000A0F94C /* Release */,
			);
			defaultConfigurationIsVisible = 0;
			defaultConfigurationName = Release;
		};
/* End XCConfigurationList section */
	};
	rootObject = B869710B2996526F00A0F94C /* Project object */;
}
